
Microsoft Visual Studio Solution File, Format Version 12.00
# Visual Studio Version 17
VisualStudioVersion = 17.1.32407.343
MinimumVisualStudioVersion = 10.0.40219.1
Project("{FAE04EC0-301F-11D3-BF4B-00C04F79EFBC}") = "Booktopia", "Booktopia\Booktopia.csproj", "{68FF1EF7-4AC4-4514-B138-72A703072CD6}"
EndProject
Global
	GlobalSection(SolutionConfigurationPlatforms) = preSolution
		Debug|Any CPU = Debug|Any CPU
		Release|Any CPU = Release|Any CPU
	EndGlobalSection
	GlobalSection(ProjectConfigurationPlatforms) = postSolution
		{68FF1EF7-4AC4-4514-B138-72A703072CD6}.Debug|Any CPU.ActiveCfg = Debug|Any CPU
		{68FF1EF7-4AC4-4514-B138-72A703072CD6}.Debug|Any CPU.Build.0 = Debug|Any CPU
		{68FF1EF7-4AC4-4514-B138-72A703072CD6}.Release|Any CPU.ActiveCfg = Release|Any CPU
		{68FF1EF7-4AC4-4514-B138-72A703072CD6}.Release|Any CPU.Build.0 = Release|Any CPU
	EndGlobalSection
	GlobalSection(SolutionProperties) = preSolution
		HideSolutionNode = FALSE
	EndGlobalSection
	GlobalSection(ExtensibilityGlobals) = postSolution
		SolutionGuid = {FEE1DDAA-C791-4609-B912-8C33D31C3604}
	EndGlobalSection
EndGlobal
